
Microsoft Visual Studio Solution File, Format Version 12.00
# Visual Studio Version 16
VisualStudioVersion = 16.0.32002.261
MinimumVisualStudioVersion = 10.0.40219.1
Project("{2150E333-8FDC-42A3-9474-1A3956D46DE8}") = "01-Presentation", "01-Presentation", "{544A4ECA-5DA8-4A7D-BB44-1A859DA2EFF0}"
EndProject
Project("{2150E333-8FDC-42A3-9474-1A3956D46DE8}") = "02-Application", "02-Application", "{2AE53F63-CE5E-415F-9565-9B9F4ED57C92}"
EndProject
Project("{2150E333-8FDC-42A3-9474-1A3956D46DE8}") = "03-Services", "03-Services", "{70206925-A043-4BFA-A070-871D27EC6A54}"
EndProject
Project("{2150E333-8FDC-42A3-9474-1A3956D46DE8}") = "04-Domain", "04-Domain", "{DF30ED0C-105A-403A-B84E-6DE804FB47EF}"
EndProject
Project("{2150E333-8FDC-42A3-9474-1A3956D46DE8}") = "05-Infra", "05-Infra", "{04584517-0ABC-452D-A7DD-ACD16E943DED}"
EndProject
Project("{9A19103F-16F7-4668-BE54-9A1E7A4F7556}") = "League.Application", "League.Application\League.Application.csproj", "{27E762A6-5EF5-42DE-A2B0-69315A1A3D4B}"
EndProject
Project("{9A19103F-16F7-4668-BE54-9A1E7A4F7556}") = "League.Service", "League.Service\League.Service.csproj", "{3593B9CB-4AD9-4126-BDAB-3B3D1F769744}"
EndProject
Project("{9A19103F-16F7-4668-BE54-9A1E7A4F7556}") = "League.Domain", "League.Domain\League.Domain.csproj", "{935CBEF5-8FE1-46C4-A284-B2B2A9193D05}"
EndProject
Project("{9A19103F-16F7-4668-BE54-9A1E7A4F7556}") = "League.Infra", "League.Infra\League.Infra.csproj", "{7CD1413E-4EE9-4FF1-AB56-5BFD04F7A66D}"
EndProject
Project("{9A19103F-16F7-4668-BE54-9A1E7A4F7556}") = "League.Api", "League.Api\League.Api.csproj", "{34DEA5D2-704F-4AD6-AB3F-9B8C2B99F200}"
EndProject
Project("{2150E333-8FDC-42A3-9474-1A3956D46DE8}") = "06-UnitTest", "06-UnitTest", "{3933A9CC-AEAA-454C-B536-1F84424597F8}"
EndProject
Global
	GlobalSection(SolutionConfigurationPlatforms) = preSolution
		Debug|Any CPU = Debug|Any CPU
		Release|Any CPU = Release|Any CPU
	EndGlobalSection
	GlobalSection(ProjectConfigurationPlatforms) = postSolution
		{27E762A6-5EF5-42DE-A2B0-69315A1A3D4B}.Debug|Any CPU.ActiveCfg = Debug|Any CPU
		{27E762A6-5EF5-42DE-A2B0-69315A1A3D4B}.Debug|Any CPU.Build.0 = Debug|Any CPU
		{27E762A6-5EF5-42DE-A2B0-69315A1A3D4B}.Release|Any CPU.ActiveCfg = Release|Any CPU
		{27E762A6-5EF5-42DE-A2B0-69315A1A3D4B}.Release|Any CPU.Build.0 = Release|Any CPU
		{3593B9CB-4AD9-4126-BDAB-3B3D1F769744}.Debug|Any CPU.ActiveCfg = Debug|Any CPU
		{3593B9CB-4AD9-4126-BDAB-3B3D1F769744}.Debug|Any CPU.Build.0 = Debug|Any CPU
		{3593B9CB-4AD9-4126-BDAB-3B3D1F769744}.Release|Any CPU.ActiveCfg = Release|Any CPU
		{3593B9CB-4AD9-4126-BDAB-3B3D1F769744}.Release|Any CPU.Build.0 = Release|Any CPU
		{935CBEF5-8FE1-46C4-A284-B2B2A9193D05}.Debug|Any CPU.ActiveCfg = Debug|Any CPU
		{935CBEF5-8FE1-46C4-A284-B2B2A9193D05}.Debug|Any CPU.Build.0 = Debug|Any CPU
		{935CBEF5-8FE1-46C4-A284-B2B2A9193D05}.Release|Any CPU.ActiveCfg = Release|Any CPU
		{935CBEF5-8FE1-46C4-A284-B2B2A9193D05}.Release|Any CPU.Build.0 = Release|Any CPU
		{7CD1413E-4EE9-4FF1-AB56-5BFD04F7A66D}.Debug|Any CPU.ActiveCfg = Debug|Any CPU
		{7CD1413E-4EE9-4FF1-AB56-5BFD04F7A66D}.Debug|Any CPU.Build.0 = Debug|Any CPU
		{7CD1413E-4EE9-4FF1-AB56-5BFD04F7A66D}.Release|Any CPU.ActiveCfg = Release|Any CPU
		{7CD1413E-4EE9-4FF1-AB56-5BFD04F7A66D}.Release|Any CPU.Build.0 = Release|Any CPU
		{34DEA5D2-704F-4AD6-AB3F-9B8C2B99F200}.Debug|Any CPU.ActiveCfg = Debug|Any CPU
		{34DEA5D2-704F-4AD6-AB3F-9B8C2B99F200}.Debug|Any CPU.Build.0 = Debug|Any CPU
		{34DEA5D2-704F-4AD6-AB3F-9B8C2B99F200}.Release|Any CPU.ActiveCfg = Release|Any CPU
		{34DEA5D2-704F-4AD6-AB3F-9B8C2B99F200}.Release|Any CPU.Build.0 = Release|Any CPU
	EndGlobalSection
	GlobalSection(SolutionProperties) = preSolution
		HideSolutionNode = FALSE
	EndGlobalSection
	GlobalSection(NestedProjects) = preSolution
		{27E762A6-5EF5-42DE-A2B0-69315A1A3D4B} = {2AE53F63-CE5E-415F-9565-9B9F4ED57C92}
		{3593B9CB-4AD9-4126-BDAB-3B3D1F769744} = {70206925-A043-4BFA-A070-871D27EC6A54}
		{935CBEF5-8FE1-46C4-A284-B2B2A9193D05} = {DF30ED0C-105A-403A-B84E-6DE804FB47EF}
		{7CD1413E-4EE9-4FF1-AB56-5BFD04F7A66D} = {04584517-0ABC-452D-A7DD-ACD16E943DED}
		{34DEA5D2-704F-4AD6-AB3F-9B8C2B99F200} = {544A4ECA-5DA8-4A7D-BB44-1A859DA2EFF0}
	EndGlobalSection
	GlobalSection(ExtensibilityGlobals) = postSolution
		SolutionGuid = {B0E93785-5970-4C74-BF89-DE1AA9810E89}
	EndGlobalSection
EndGlobal
